
Microsoft Visual Studio Solution File, Format Version 12.00
# Visual Studio Version 17
VisualStudioVersion = 17.0.31903.59
MinimumVisualStudioVersion = 10.0.40219.1
Project("{2150E333-8FDC-42A3-9474-1A3956D46DE8}") = "src", "src", "{E5EF59D0-8276-4A06-999F-31D5840FCB8A}"
EndProject
Project("{FAE04EC0-301F-11D3-BF4B-00C04F79EFBC}") = "BeniceSoft.Abp.AspNetCore", "src\BeniceSoft.Abp.AspNetCore\BeniceSoft.Abp.AspNetCore.csproj", "{34347D0D-244F-4CAE-B3DA-76482DFD6D86}"
EndProject
Project("{FAE04EC0-301F-11D3-BF4B-00C04F79EFBC}") = "BeniceSoft.Abp.Core", "src\BeniceSoft.Abp.Core\BeniceSoft.Abp.Core.csproj", "{3E3C367C-EA31-4D2C-9D1E-ACCBA4C54E3C}"
EndProject
Project("{FAE04EC0-301F-11D3-BF4B-00C04F79EFBC}") = "BeniceSoft.Abp.Auth", "src\BeniceSoft.Abp.Auth\BeniceSoft.Abp.Auth.csproj", "{8B78066B-EA3E-4E56-BDFE-10593C7C62D7}"
EndProject
Project("{FAE04EC0-301F-11D3-BF4B-00C04F79EFBC}") = "BeniceSoft.Abp.Auth.Core", "src\BeniceSoft.Abp.Auth.Core\BeniceSoft.Abp.Auth.Core.csproj", "{95AD88B7-09B9-404F-8735-4B2C301AEC76}"
EndProject
Project("{FAE04EC0-301F-11D3-BF4B-00C04F79EFBC}") = "BeniceSoft.Abp.Auth.EntityFrameworkCore", "src\BeniceSoft.Abp.Auth.EntityFrameworkCore\BeniceSoft.Abp.Auth.EntityFrameworkCore.csproj", "{B7B58120-DE2C-4CA6-84A1-5315ABA0EA00}"
EndProject
Project("{FAE04EC0-301F-11D3-BF4B-00C04F79EFBC}") = "BeniceSoft.Abp.Auth.Repository", "src\BeniceSoft.Abp.Auth.Repository\BeniceSoft.Abp.Auth.Repository.csproj", "{8C3FAD7C-9BC4-43A7-AC2B-D8C308B1391F}"
EndProject
Project("{2150E333-8FDC-42A3-9474-1A3956D46DE8}") = "Auth", "Auth", "{74056E67-414A-4E71-B7FD-BFB917702D1A}"
EndProject
Project("{2150E333-8FDC-42A3-9474-1A3956D46DE8}") = "Extensions", "Extensions", "{7D6EA50E-89B0-4979-AA19-0125F6B560DB}"
EndProject
Project("{FAE04EC0-301F-11D3-BF4B-00C04F79EFBC}") = "BeniceSoft.Abp.Extensions.DistributedLock.Abstractions", "src\BeniceSoft.Abp.Extensions.DistributedLock.Abstractions\BeniceSoft.Abp.Extensions.DistributedLock.Abstractions.csproj", "{C7484710-135F-4404-AA19-54FEE50E761F}"
EndProject
Project("{FAE04EC0-301F-11D3-BF4B-00C04F79EFBC}") = "BeniceSoft.Abp.Extensions.DistributedLock", "src\BeniceSoft.Abp.Extensions.DistributedLock\BeniceSoft.Abp.Extensions.DistributedLock.csproj", "{F42D3FDD-B577-463B-BA61-C6B0B98CDF62}"
EndProject
Project("{FAE04EC0-301F-11D3-BF4B-00C04F79EFBC}") = "BeniceSoft.Abp.Extensions.DynamicQuery.Abstractions", "src\BeniceSoft.Abp.Extensions.DynamicQuery.Abstractions\BeniceSoft.Abp.Extensions.DynamicQuery.Abstractions.csproj", "{A8161A97-DD40-4283-BF6D-568356B3016D}"
EndProject
Project("{FAE04EC0-301F-11D3-BF4B-00C04F79EFBC}") = "BeniceSoft.Abp.Extensions.DynamicQuery.EfCore", "src\BeniceSoft.Abp.Extensions.DynamicQuery.EfCore\BeniceSoft.Abp.Extensions.DynamicQuery.EfCore.csproj", "{9420B9AA-630B-43A5-93BA-73595608E6DA}"
EndProject
Project("{FAE04EC0-301F-11D3-BF4B-00C04F79EFBC}") = "BeniceSoft.Abp.Extensions.DynamicQuery.Sql", "src\BeniceSoft.Abp.Extensions.DynamicQuery.Sql\BeniceSoft.Abp.Extensions.DynamicQuery.Sql.csproj", "{137946D6-0FD4-4BA6-BC80-12CBD4653B7C}"
EndProject
Project("{2150E333-8FDC-42A3-9474-1A3956D46DE8}") = "DDD", "DDD", "{64444176-1CE7-4179-A2C8-62D081FEF5D7}"
EndProject
Project("{FAE04EC0-301F-11D3-BF4B-00C04F79EFBC}") = "BeniceSoft.Abp.Ddd.Domain", "src\BeniceSoft.Abp.Ddd.Domain\BeniceSoft.Abp.Ddd.Domain.csproj", "{938CB37E-2460-4A94-B119-36482665ABD4}"
EndProject
Project("{FAE04EC0-301F-11D3-BF4B-00C04F79EFBC}") = "BeniceSoft.Abp.EntityFrameworkCore", "src\BeniceSoft.Abp.EntityFrameworkCore\BeniceSoft.Abp.EntityFrameworkCore.csproj", "{680C0BFC-3D67-49F7-A27C-FF9EBD89D3FF}"
EndProject
Project("{FAE04EC0-301F-11D3-BF4B-00C04F79EFBC}") = "BeniceSoft.Abp.Ddd.Application", "src\BeniceSoft.Abp.Ddd.Application\BeniceSoft.Abp.Ddd.Application.csproj", "{803F420C-EBB5-4D30-B5E4-6127FDA9AE01}"
EndProject
Project("{FAE04EC0-301F-11D3-BF4B-00C04F79EFBC}") = "BeniceSoft.Abp.Ddd.Application.Contracts", "src\BeniceSoft.Abp.Ddd.Application.Contracts\BeniceSoft.Abp.Ddd.Application.Contracts.csproj", "{1B58025E-F394-4938-BB96-4D7F510E572A}"
EndProject
Project("{FAE04EC0-301F-11D3-BF4B-00C04F79EFBC}") = "BeniceSoft.Abp.Extensions.Caching.Abstractions", "src\BeniceSoft.Abp.Extensions.Caching.Abstractions\BeniceSoft.Abp.Extensions.Caching.Abstractions.csproj", "{36AC6F4B-DA9C-4008-8BC4-F355D9082E0F}"
EndProject
Project("{FAE04EC0-301F-11D3-BF4B-00C04F79EFBC}") = "BeniceSoft.Abp.Extensions.Caching", "src\BeniceSoft.Abp.Extensions.Caching\BeniceSoft.Abp.Extensions.Caching.csproj", "{506454EF-FC0D-414E-B5A3-C8263282047A}"
EndProject
Project("{FAE04EC0-301F-11D3-BF4B-00C04F79EFBC}") = "BeniceSoft.Abp.Extensions.Caching.MessagePack", "src\BeniceSoft.Abp.Extensions.Caching.MessagePack\BeniceSoft.Abp.Extensions.Caching.MessagePack.csproj", "{B9CB9DA3-D1EE-4694-9302-3EAA72E72AEB}"
EndProject
Project("{FAE04EC0-301F-11D3-BF4B-00C04F79EFBC}") = "BeniceSoft.Abp.Extensions.Caching.SystemTextJson", "src\BeniceSoft.Abp.Extensions.Caching.SystemTextJson\BeniceSoft.Abp.Extensions.Caching.SystemTextJson.csproj", "{AF176914-0F1F-4CA3-8129-2F253448DFDA}"
EndProject
Project("{FAE04EC0-301F-11D3-BF4B-00C04F79EFBC}") = "BeniceSoft.Abp.Http.Client", "src\BeniceSoft.Abp.Http.Client\BeniceSoft.Abp.Http.Client.csproj", "{961E0043-413C-4572-953A-521E4A15C60F}"
EndProject
Project("{2150E333-8FDC-42A3-9474-1A3956D46DE8}") = "WorkflowCore", "WorkflowCore", "{07FC2589-2521-44B5-9E6A-37C60F2158BD}"
EndProject
Project("{2150E333-8FDC-42A3-9474-1A3956D46DE8}") = "samples", "samples", "{3B3981A0-A62C-468A-8497-9D0FA1848E01}"
EndProject
Project("{2150E333-8FDC-42A3-9474-1A3956D46DE8}") = "Logging", "Logging", "{18CD5079-F342-4B84-B90B-389F3D169DAD}"
EndProject
Project("{FAE04EC0-301F-11D3-BF4B-00C04F79EFBC}") = "BeniceSoft.Abp.OperationLogging.Abstractions", "src\BeniceSoft.Abp.OperationLogging.Abstractions\BeniceSoft.Abp.OperationLogging.Abstractions.csproj", "{CABDAB11-B342-4023-9D92-A6F1A14F37DF}"
EndProject
Project("{FAE04EC0-301F-11D3-BF4B-00C04F79EFBC}") = "BeniceSoft.Abp.OperationLogging", "src\BeniceSoft.Abp.OperationLogging\BeniceSoft.Abp.OperationLogging.csproj", "{30D52A71-4C38-40A4-A6CE-7A12A7FED8AD}"
EndProject
Project("{FAE04EC0-301F-11D3-BF4B-00C04F79EFBC}") = "BeniceSoft.Abp.OperationLogging.EventBus", "src\BeniceSoft.Abp.OperationLogging.EventBus\BeniceSoft.Abp.OperationLogging.EventBus.csproj", "{DDB1565D-A166-47B8-8E87-F031D9C800DE}"
EndProject
Project("{FAE04EC0-301F-11D3-BF4B-00C04F79EFBC}") = "BeniceSoft.Abp.OperationLogging.Redis", "src\BeniceSoft.Abp.OperationLogging.Redis\BeniceSoft.Abp.OperationLogging.Redis.csproj", "{F0E9CA9A-CA72-4AA9-9E1D-FF46778B5CFE}"
EndProject
Project("{FAE04EC0-301F-11D3-BF4B-00C04F79EFBC}") = "BeniceSoft.Abp.Sample.Application", "samples\BeniceSoft.Abp.Sample.Application\BeniceSoft.Abp.Sample.Application.csproj", "{01ED24BF-DEA7-4E1B-9B08-60C3C56F61E0}"
EndProject
Project("{FAE04EC0-301F-11D3-BF4B-00C04F79EFBC}") = "BeniceSoft.Abp.Sample.Application.Contracts", "samples\BeniceSoft.Abp.Sample.Application.Contracts\BeniceSoft.Abp.Sample.Application.Contracts.csproj", "{36F1C69B-15E0-43CF-B594-130C52B106DB}"
EndProject
Project("{FAE04EC0-301F-11D3-BF4B-00C04F79EFBC}") = "BeniceSoft.Abp.Sample.Domain", "samples\BeniceSoft.Abp.Sample.Domain\BeniceSoft.Abp.Sample.Domain.csproj", "{C7D28388-2D5D-46DB-B932-6D0D9D610F31}"
EndProject
Project("{FAE04EC0-301F-11D3-BF4B-00C04F79EFBC}") = "BeniceSoft.Abp.Sample.Domain.Shared", "samples\BeniceSoft.Abp.Sample.Domain.Shared\BeniceSoft.Abp.Sample.Domain.Shared.csproj", "{33A6E13D-7A1F-496C-A201-6252987314D4}"
EndProject
Project("{FAE04EC0-301F-11D3-BF4B-00C04F79EFBC}") = "BeniceSoft.Abp.Sample.Host", "samples\BeniceSoft.Abp.Sample.Host\BeniceSoft.Abp.Sample.Host.csproj", "{CAB59D7A-2A9C-4CD2-85FD-60EDFD055E8B}"
EndProject
Project("{FAE04EC0-301F-11D3-BF4B-00C04F79EFBC}") = "BeniceSoft.Abp.Sample.EntityFrameworkCore", "samples\BeniceSoft.Abp.Sample.EntityFrameworkCore\BeniceSoft.Abp.Sample.EntityFrameworkCore.csproj", "{128CDA9A-0EE8-460F-A110-BC1FB3655F9F}"
EndProject
Project("{2150E333-8FDC-42A3-9474-1A3956D46DE8}") = "OAuth", "OAuth", "{BF0F9416-08DE-4A33-A5E7-9B5A21FC950D}"
EndProject
Project("{FAE04EC0-301F-11D3-BF4B-00C04F79EFBC}") = "BeniceSoft.OAuth.DingTalk", "src\BeniceSoft.OAuth.DingTalk\BeniceSoft.OAuth.DingTalk.csproj", "{61D5AB37-D4C1-49C8-A78E-7EECC2A3374F}"
EndProject
Project("{FAE04EC0-301F-11D3-BF4B-00C04F79EFBC}") = "BeniceSoft.Abp.Cqrs", "src\BeniceSoft.Abp.Cqrs\BeniceSoft.Abp.Cqrs.csproj", "{9B086107-DEFA-4ED6-B1F5-854BFEA8C66B}"
EndProject
Global
	GlobalSection(SolutionConfigurationPlatforms) = preSolution
		Debug|Any CPU = Debug|Any CPU
		Release|Any CPU = Release|Any CPU
	EndGlobalSection
	GlobalSection(SolutionProperties) = preSolution
		HideSolutionNode = FALSE
	EndGlobalSection
	GlobalSection(ProjectConfigurationPlatforms) = postSolution
		{34347D0D-244F-4CAE-B3DA-76482DFD6D86}.Debug|Any CPU.ActiveCfg = Debug|Any CPU
		{34347D0D-244F-4CAE-B3DA-76482DFD6D86}.Debug|Any CPU.Build.0 = Debug|Any CPU
		{34347D0D-244F-4CAE-B3DA-76482DFD6D86}.Release|Any CPU.ActiveCfg = Release|Any CPU
		{34347D0D-244F-4CAE-B3DA-76482DFD6D86}.Release|Any CPU.Build.0 = Release|Any CPU
		{3E3C367C-EA31-4D2C-9D1E-ACCBA4C54E3C}.Debug|Any CPU.ActiveCfg = Debug|Any CPU
		{3E3C367C-EA31-4D2C-9D1E-ACCBA4C54E3C}.Debug|Any CPU.Build.0 = Debug|Any CPU
		{3E3C367C-EA31-4D2C-9D1E-ACCBA4C54E3C}.Release|Any CPU.ActiveCfg = Release|Any CPU
		{3E3C367C-EA31-4D2C-9D1E-ACCBA4C54E3C}.Release|Any CPU.Build.0 = Release|Any CPU
		{8B78066B-EA3E-4E56-BDFE-10593C7C62D7}.Debug|Any CPU.ActiveCfg = Debug|Any CPU
		{8B78066B-EA3E-4E56-BDFE-10593C7C62D7}.Debug|Any CPU.Build.0 = Debug|Any CPU
		{8B78066B-EA3E-4E56-BDFE-10593C7C62D7}.Release|Any CPU.ActiveCfg = Release|Any CPU
		{8B78066B-EA3E-4E56-BDFE-10593C7C62D7}.Release|Any CPU.Build.0 = Release|Any CPU
		{95AD88B7-09B9-404F-8735-4B2C301AEC76}.Debug|Any CPU.ActiveCfg = Debug|Any CPU
		{95AD88B7-09B9-404F-8735-4B2C301AEC76}.Debug|Any CPU.Build.0 = Debug|Any CPU
		{95AD88B7-09B9-404F-8735-4B2C301AEC76}.Release|Any CPU.ActiveCfg = Release|Any CPU
		{95AD88B7-09B9-404F-8735-4B2C301AEC76}.Release|Any CPU.Build.0 = Release|Any CPU
		{B7B58120-DE2C-4CA6-84A1-5315ABA0EA00}.Debug|Any CPU.ActiveCfg = Debug|Any CPU
		{B7B58120-DE2C-4CA6-84A1-5315ABA0EA00}.Debug|Any CPU.Build.0 = Debug|Any CPU
		{B7B58120-DE2C-4CA6-84A1-5315ABA0EA00}.Release|Any CPU.ActiveCfg = Release|Any CPU
		{B7B58120-DE2C-4CA6-84A1-5315ABA0EA00}.Release|Any CPU.Build.0 = Release|Any CPU
		{8C3FAD7C-9BC4-43A7-AC2B-D8C308B1391F}.Debug|Any CPU.ActiveCfg = Debug|Any CPU
		{8C3FAD7C-9BC4-43A7-AC2B-D8C308B1391F}.Debug|Any CPU.Build.0 = Debug|Any CPU
		{8C3FAD7C-9BC4-43A7-AC2B-D8C308B1391F}.Release|Any CPU.ActiveCfg = Release|Any CPU
		{8C3FAD7C-9BC4-43A7-AC2B-D8C308B1391F}.Release|Any CPU.Build.0 = Release|Any CPU
		{C7484710-135F-4404-AA19-54FEE50E761F}.Debug|Any CPU.ActiveCfg = Debug|Any CPU
		{C7484710-135F-4404-AA19-54FEE50E761F}.Debug|Any CPU.Build.0 = Debug|Any CPU
		{C7484710-135F-4404-AA19-54FEE50E761F}.Release|Any CPU.ActiveCfg = Release|Any CPU
		{C7484710-135F-4404-AA19-54FEE50E761F}.Release|Any CPU.Build.0 = Release|Any CPU
		{F42D3FDD-B577-463B-BA61-C6B0B98CDF62}.Debug|Any CPU.ActiveCfg = Debug|Any CPU
		{F42D3FDD-B577-463B-BA61-C6B0B98CDF62}.Debug|Any CPU.Build.0 = Debug|Any CPU
		{F42D3FDD-B577-463B-BA61-C6B0B98CDF62}.Release|Any CPU.ActiveCfg = Release|Any CPU
		{F42D3FDD-B577-463B-BA61-C6B0B98CDF62}.Release|Any CPU.Build.0 = Release|Any CPU
		{A8161A97-DD40-4283-BF6D-568356B3016D}.Debug|Any CPU.ActiveCfg = Debug|Any CPU
		{A8161A97-DD40-4283-BF6D-568356B3016D}.Debug|Any CPU.Build.0 = Debug|Any CPU
		{A8161A97-DD40-4283-BF6D-568356B3016D}.Release|Any CPU.ActiveCfg = Release|Any CPU
		{A8161A97-DD40-4283-BF6D-568356B3016D}.Release|Any CPU.Build.0 = Release|Any CPU
		{9420B9AA-630B-43A5-93BA-73595608E6DA}.Debug|Any CPU.ActiveCfg = Debug|Any CPU
		{9420B9AA-630B-43A5-93BA-73595608E6DA}.Debug|Any CPU.Build.0 = Debug|Any CPU
		{9420B9AA-630B-43A5-93BA-73595608E6DA}.Release|Any CPU.ActiveCfg = Release|Any CPU
		{9420B9AA-630B-43A5-93BA-73595608E6DA}.Release|Any CPU.Build.0 = Release|Any CPU
		{137946D6-0FD4-4BA6-BC80-12CBD4653B7C}.Debug|Any CPU.ActiveCfg = Debug|Any CPU
		{137946D6-0FD4-4BA6-BC80-12CBD4653B7C}.Debug|Any CPU.Build.0 = Debug|Any CPU
		{137946D6-0FD4-4BA6-BC80-12CBD4653B7C}.Release|Any CPU.ActiveCfg = Release|Any CPU
		{137946D6-0FD4-4BA6-BC80-12CBD4653B7C}.Release|Any CPU.Build.0 = Release|Any CPU
		{938CB37E-2460-4A94-B119-36482665ABD4}.Debug|Any CPU.ActiveCfg = Debug|Any CPU
		{938CB37E-2460-4A94-B119-36482665ABD4}.Debug|Any CPU.Build.0 = Debug|Any CPU
		{938CB37E-2460-4A94-B119-36482665ABD4}.Release|Any CPU.ActiveCfg = Release|Any CPU
		{938CB37E-2460-4A94-B119-36482665ABD4}.Release|Any CPU.Build.0 = Release|Any CPU
		{680C0BFC-3D67-49F7-A27C-FF9EBD89D3FF}.Debug|Any CPU.ActiveCfg = Debug|Any CPU
		{680C0BFC-3D67-49F7-A27C-FF9EBD89D3FF}.Debug|Any CPU.Build.0 = Debug|Any CPU
		{680C0BFC-3D67-49F7-A27C-FF9EBD89D3FF}.Release|Any CPU.ActiveCfg = Release|Any CPU
		{680C0BFC-3D67-49F7-A27C-FF9EBD89D3FF}.Release|Any CPU.Build.0 = Release|Any CPU
		{803F420C-EBB5-4D30-B5E4-6127FDA9AE01}.Debug|Any CPU.ActiveCfg = Debug|Any CPU
		{803F420C-EBB5-4D30-B5E4-6127FDA9AE01}.Debug|Any CPU.Build.0 = Debug|Any CPU
		{803F420C-EBB5-4D30-B5E4-6127FDA9AE01}.Release|Any CPU.ActiveCfg = Release|Any CPU
		{803F420C-EBB5-4D30-B5E4-6127FDA9AE01}.Release|Any CPU.Build.0 = Release|Any CPU
		{1B58025E-F394-4938-BB96-4D7F510E572A}.Debug|Any CPU.ActiveCfg = Debug|Any CPU
		{1B58025E-F394-4938-BB96-4D7F510E572A}.Debug|Any CPU.Build.0 = Debug|Any CPU
		{1B58025E-F394-4938-BB96-4D7F510E572A}.Release|Any CPU.ActiveCfg = Release|Any CPU
		{1B58025E-F394-4938-BB96-4D7F510E572A}.Release|Any CPU.Build.0 = Release|Any CPU
		{36AC6F4B-DA9C-4008-8BC4-F355D9082E0F}.Debug|Any CPU.ActiveCfg = Debug|Any CPU
		{36AC6F4B-DA9C-4008-8BC4-F355D9082E0F}.Debug|Any CPU.Build.0 = Debug|Any CPU
		{36AC6F4B-DA9C-4008-8BC4-F355D9082E0F}.Release|Any CPU.ActiveCfg = Release|Any CPU
		{36AC6F4B-DA9C-4008-8BC4-F355D9082E0F}.Release|Any CPU.Build.0 = Release|Any CPU
		{506454EF-FC0D-414E-B5A3-C8263282047A}.Debug|Any CPU.ActiveCfg = Debug|Any CPU
		{506454EF-FC0D-414E-B5A3-C8263282047A}.Debug|Any CPU.Build.0 = Debug|Any CPU
		{506454EF-FC0D-414E-B5A3-C8263282047A}.Release|Any CPU.ActiveCfg = Release|Any CPU
		{506454EF-FC0D-414E-B5A3-C8263282047A}.Release|Any CPU.Build.0 = Release|Any CPU
		{B9CB9DA3-D1EE-4694-9302-3EAA72E72AEB}.Debug|Any CPU.ActiveCfg = Debug|Any CPU
		{B9CB9DA3-D1EE-4694-9302-3EAA72E72AEB}.Debug|Any CPU.Build.0 = Debug|Any CPU
		{B9CB9DA3-D1EE-4694-9302-3EAA72E72AEB}.Release|Any CPU.ActiveCfg = Release|Any CPU
		{B9CB9DA3-D1EE-4694-9302-3EAA72E72AEB}.Release|Any CPU.Build.0 = Release|Any CPU
		{AF176914-0F1F-4CA3-8129-2F253448DFDA}.Debug|Any CPU.ActiveCfg = Debug|Any CPU
		{AF176914-0F1F-4CA3-8129-2F253448DFDA}.Debug|Any CPU.Build.0 = Debug|Any CPU
		{AF176914-0F1F-4CA3-8129-2F253448DFDA}.Release|Any CPU.ActiveCfg = Release|Any CPU
		{AF176914-0F1F-4CA3-8129-2F253448DFDA}.Release|Any CPU.Build.0 = Release|Any CPU
		{961E0043-413C-4572-953A-521E4A15C60F}.Debug|Any CPU.ActiveCfg = Debug|Any CPU
		{961E0043-413C-4572-953A-521E4A15C60F}.Debug|Any CPU.Build.0 = Debug|Any CPU
		{961E0043-413C-4572-953A-521E4A15C60F}.Release|Any CPU.ActiveCfg = Release|Any CPU
		{961E0043-413C-4572-953A-521E4A15C60F}.Release|Any CPU.Build.0 = Release|Any CPU
		{CABDAB11-B342-4023-9D92-A6F1A14F37DF}.Debug|Any CPU.ActiveCfg = Debug|Any CPU
		{CABDAB11-B342-4023-9D92-A6F1A14F37DF}.Debug|Any CPU.Build.0 = Debug|Any CPU
		{CABDAB11-B342-4023-9D92-A6F1A14F37DF}.Release|Any CPU.ActiveCfg = Release|Any CPU
		{CABDAB11-B342-4023-9D92-A6F1A14F37DF}.Release|Any CPU.Build.0 = Release|Any CPU
		{30D52A71-4C38-40A4-A6CE-7A12A7FED8AD}.Debug|Any CPU.ActiveCfg = Debug|Any CPU
		{30D52A71-4C38-40A4-A6CE-7A12A7FED8AD}.Debug|Any CPU.Build.0 = Debug|Any CPU
		{30D52A71-4C38-40A4-A6CE-7A12A7FED8AD}.Release|Any CPU.ActiveCfg = Release|Any CPU
		{30D52A71-4C38-40A4-A6CE-7A12A7FED8AD}.Release|Any CPU.Build.0 = Release|Any CPU
		{DDB1565D-A166-47B8-8E87-F031D9C800DE}.Debug|Any CPU.ActiveCfg = Debug|Any CPU
		{DDB1565D-A166-47B8-8E87-F031D9C800DE}.Debug|Any CPU.Build.0 = Debug|Any CPU
		{DDB1565D-A166-47B8-8E87-F031D9C800DE}.Release|Any CPU.ActiveCfg = Release|Any CPU
		{DDB1565D-A166-47B8-8E87-F031D9C800DE}.Release|Any CPU.Build.0 = Release|Any CPU
		{F0E9CA9A-CA72-4AA9-9E1D-FF46778B5CFE}.Debug|Any CPU.ActiveCfg = Debug|Any CPU
		{F0E9CA9A-CA72-4AA9-9E1D-FF46778B5CFE}.Debug|Any CPU.Build.0 = Debug|Any CPU
		{F0E9CA9A-CA72-4AA9-9E1D-FF46778B5CFE}.Release|Any CPU.ActiveCfg = Release|Any CPU
		{F0E9CA9A-CA72-4AA9-9E1D-FF46778B5CFE}.Release|Any CPU.Build.0 = Release|Any CPU
		{01ED24BF-DEA7-4E1B-9B08-60C3C56F61E0}.Debug|Any CPU.ActiveCfg = Debug|Any CPU
		{01ED24BF-DEA7-4E1B-9B08-60C3C56F61E0}.Debug|Any CPU.Build.0 = Debug|Any CPU
		{01ED24BF-DEA7-4E1B-9B08-60C3C56F61E0}.Release|Any CPU.ActiveCfg = Release|Any CPU
		{01ED24BF-DEA7-4E1B-9B08-60C3C56F61E0}.Release|Any CPU.Build.0 = Release|Any CPU
		{36F1C69B-15E0-43CF-B594-130C52B106DB}.Debug|Any CPU.ActiveCfg = Debug|Any CPU
		{36F1C69B-15E0-43CF-B594-130C52B106DB}.Debug|Any CPU.Build.0 = Debug|Any CPU
		{36F1C69B-15E0-43CF-B594-130C52B106DB}.Release|Any CPU.ActiveCfg = Release|Any CPU
		{36F1C69B-15E0-43CF-B594-130C52B106DB}.Release|Any CPU.Build.0 = Release|Any CPU
		{C7D28388-2D5D-46DB-B932-6D0D9D610F31}.Debug|Any CPU.ActiveCfg = Debug|Any CPU
		{C7D28388-2D5D-46DB-B932-6D0D9D610F31}.Debug|Any CPU.Build.0 = Debug|Any CPU
		{C7D28388-2D5D-46DB-B932-6D0D9D610F31}.Release|Any CPU.ActiveCfg = Release|Any CPU
		{C7D28388-2D5D-46DB-B932-6D0D9D610F31}.Release|Any CPU.Build.0 = Release|Any CPU
		{33A6E13D-7A1F-496C-A201-6252987314D4}.Debug|Any CPU.ActiveCfg = Debug|Any CPU
		{33A6E13D-7A1F-496C-A201-6252987314D4}.Debug|Any CPU.Build.0 = Debug|Any CPU
		{33A6E13D-7A1F-496C-A201-6252987314D4}.Release|Any CPU.ActiveCfg = Release|Any CPU
		{33A6E13D-7A1F-496C-A201-6252987314D4}.Release|Any CPU.Build.0 = Release|Any CPU
		{CAB59D7A-2A9C-4CD2-85FD-60EDFD055E8B}.Debug|Any CPU.ActiveCfg = Debug|Any CPU
		{CAB59D7A-2A9C-4CD2-85FD-60EDFD055E8B}.Debug|Any CPU.Build.0 = Debug|Any CPU
		{CAB59D7A-2A9C-4CD2-85FD-60EDFD055E8B}.Release|Any CPU.ActiveCfg = Release|Any CPU
		{CAB59D7A-2A9C-4CD2-85FD-60EDFD055E8B}.Release|Any CPU.Build.0 = Release|Any CPU
		{128CDA9A-0EE8-460F-A110-BC1FB3655F9F}.Debug|Any CPU.ActiveCfg = Debug|Any CPU
		{128CDA9A-0EE8-460F-A110-BC1FB3655F9F}.Debug|Any CPU.Build.0 = Debug|Any CPU
		{128CDA9A-0EE8-460F-A110-BC1FB3655F9F}.Release|Any CPU.ActiveCfg = Release|Any CPU
		{128CDA9A-0EE8-460F-A110-BC1FB3655F9F}.Release|Any CPU.Build.0 = Release|Any CPU
		{61D5AB37-D4C1-49C8-A78E-7EECC2A3374F}.Debug|Any CPU.ActiveCfg = Debug|Any CPU
		{61D5AB37-D4C1-49C8-A78E-7EECC2A3374F}.Debug|Any CPU.Build.0 = Debug|Any CPU
		{61D5AB37-D4C1-49C8-A78E-7EECC2A3374F}.Release|Any CPU.ActiveCfg = Release|Any CPU
		{61D5AB37-D4C1-49C8-A78E-7EECC2A3374F}.Release|Any CPU.Build.0 = Release|Any CPU
		{9B086107-DEFA-4ED6-B1F5-854BFEA8C66B}.Debug|Any CPU.ActiveCfg = Debug|Any CPU
		{9B086107-DEFA-4ED6-B1F5-854BFEA8C66B}.Debug|Any CPU.Build.0 = Debug|Any CPU
		{9B086107-DEFA-4ED6-B1F5-854BFEA8C66B}.Release|Any CPU.ActiveCfg = Release|Any CPU
		{9B086107-DEFA-4ED6-B1F5-854BFEA8C66B}.Release|Any CPU.Build.0 = Release|Any CPU
	EndGlobalSection
	GlobalSection(NestedProjects) = preSolution
		{34347D0D-244F-4CAE-B3DA-76482DFD6D86} = {E5EF59D0-8276-4A06-999F-31D5840FCB8A}
		{3E3C367C-EA31-4D2C-9D1E-ACCBA4C54E3C} = {E5EF59D0-8276-4A06-999F-31D5840FCB8A}
		{74056E67-414A-4E71-B7FD-BFB917702D1A} = {E5EF59D0-8276-4A06-999F-31D5840FCB8A}
		{8B78066B-EA3E-4E56-BDFE-10593C7C62D7} = {74056E67-414A-4E71-B7FD-BFB917702D1A}
		{95AD88B7-09B9-404F-8735-4B2C301AEC76} = {74056E67-414A-4E71-B7FD-BFB917702D1A}
		{B7B58120-DE2C-4CA6-84A1-5315ABA0EA00} = {74056E67-414A-4E71-B7FD-BFB917702D1A}
		{8C3FAD7C-9BC4-43A7-AC2B-D8C308B1391F} = {74056E67-414A-4E71-B7FD-BFB917702D1A}
		{7D6EA50E-89B0-4979-AA19-0125F6B560DB} = {E5EF59D0-8276-4A06-999F-31D5840FCB8A}
		{C7484710-135F-4404-AA19-54FEE50E761F} = {7D6EA50E-89B0-4979-AA19-0125F6B560DB}
		{F42D3FDD-B577-463B-BA61-C6B0B98CDF62} = {7D6EA50E-89B0-4979-AA19-0125F6B560DB}
		{A8161A97-DD40-4283-BF6D-568356B3016D} = {7D6EA50E-89B0-4979-AA19-0125F6B560DB}
		{9420B9AA-630B-43A5-93BA-73595608E6DA} = {7D6EA50E-89B0-4979-AA19-0125F6B560DB}
		{137946D6-0FD4-4BA6-BC80-12CBD4653B7C} = {7D6EA50E-89B0-4979-AA19-0125F6B560DB}
		{64444176-1CE7-4179-A2C8-62D081FEF5D7} = {E5EF59D0-8276-4A06-999F-31D5840FCB8A}
		{938CB37E-2460-4A94-B119-36482665ABD4} = {64444176-1CE7-4179-A2C8-62D081FEF5D7}
		{680C0BFC-3D67-49F7-A27C-FF9EBD89D3FF} = {E5EF59D0-8276-4A06-999F-31D5840FCB8A}
		{803F420C-EBB5-4D30-B5E4-6127FDA9AE01} = {64444176-1CE7-4179-A2C8-62D081FEF5D7}
		{1B58025E-F394-4938-BB96-4D7F510E572A} = {64444176-1CE7-4179-A2C8-62D081FEF5D7}
		{36AC6F4B-DA9C-4008-8BC4-F355D9082E0F} = {7D6EA50E-89B0-4979-AA19-0125F6B560DB}
		{506454EF-FC0D-414E-B5A3-C8263282047A} = {7D6EA50E-89B0-4979-AA19-0125F6B560DB}
		{B9CB9DA3-D1EE-4694-9302-3EAA72E72AEB} = {7D6EA50E-89B0-4979-AA19-0125F6B560DB}
		{AF176914-0F1F-4CA3-8129-2F253448DFDA} = {7D6EA50E-89B0-4979-AA19-0125F6B560DB}
		{961E0043-413C-4572-953A-521E4A15C60F} = {E5EF59D0-8276-4A06-999F-31D5840FCB8A}
		{07FC2589-2521-44B5-9E6A-37C60F2158BD} = {E5EF59D0-8276-4A06-999F-31D5840FCB8A}
		{18CD5079-F342-4B84-B90B-389F3D169DAD} = {E5EF59D0-8276-4A06-999F-31D5840FCB8A}
		{CABDAB11-B342-4023-9D92-A6F1A14F37DF} = {18CD5079-F342-4B84-B90B-389F3D169DAD}
		{30D52A71-4C38-40A4-A6CE-7A12A7FED8AD} = {18CD5079-F342-4B84-B90B-389F3D169DAD}
		{DDB1565D-A166-47B8-8E87-F031D9C800DE} = {18CD5079-F342-4B84-B90B-389F3D169DAD}
		{F0E9CA9A-CA72-4AA9-9E1D-FF46778B5CFE} = {18CD5079-F342-4B84-B90B-389F3D169DAD}
		{01ED24BF-DEA7-4E1B-9B08-60C3C56F61E0} = {3B3981A0-A62C-468A-8497-9D0FA1848E01}
		{36F1C69B-15E0-43CF-B594-130C52B106DB} = {3B3981A0-A62C-468A-8497-9D0FA1848E01}
		{C7D28388-2D5D-46DB-B932-6D0D9D610F31} = {3B3981A0-A62C-468A-8497-9D0FA1848E01}
		{33A6E13D-7A1F-496C-A201-6252987314D4} = {3B3981A0-A62C-468A-8497-9D0FA1848E01}
		{CAB59D7A-2A9C-4CD2-85FD-60EDFD055E8B} = {3B3981A0-A62C-468A-8497-9D0FA1848E01}
		{128CDA9A-0EE8-460F-A110-BC1FB3655F9F} = {3B3981A0-A62C-468A-8497-9D0FA1848E01}
		{BF0F9416-08DE-4A33-A5E7-9B5A21FC950D} = {E5EF59D0-8276-4A06-999F-31D5840FCB8A}
		{61D5AB37-D4C1-49C8-A78E-7EECC2A3374F} = {BF0F9416-08DE-4A33-A5E7-9B5A21FC950D}
		{9B086107-DEFA-4ED6-B1F5-854BFEA8C66B} = {E5EF59D0-8276-4A06-999F-31D5840FCB8A}
	EndGlobalSection
EndGlobal
